
Microsoft Visual Studio Solution File, Format Version 12.00
# Visual Studio Version 17
VisualStudioVersion = 17.14.36623.8 d17.14
MinimumVisualStudioVersion = 10.0.40219.1
Project("{FAE04EC0-301F-11D3-BF4B-00C04F79EFBC}") = "GoogleMapsScraper", "GoogleMapsScraper\GoogleMapsScraper.csproj", "{6F081E21-1DF3-4AD4-82D5-8919AB10EE38}"
EndProject
Project("{2150E333-8FDC-42A3-9474-1A3956D46DE8}") = "Itens de Solução", "Itens de Solução", "{380A7511-A354-6D7A-0CC0-8FA1F1BA7B6C}"
EndProject
Global
	GlobalSection(SolutionConfigurationPlatforms) = preSolution
		Debug|Any CPU = Debug|Any CPU
		Release|Any CPU = Release|Any CPU
	EndGlobalSection
	GlobalSection(ProjectConfigurationPlatforms) = postSolution
		{6F081E21-1DF3-4AD4-82D5-8919AB10EE38}.Debug|Any CPU.ActiveCfg = Debug|Any CPU
		{6F081E21-1DF3-4AD4-82D5-8919AB10EE38}.Debug|Any CPU.Build.0 = Debug|Any CPU
		{6F081E21-1DF3-4AD4-82D5-8919AB10EE38}.Release|Any CPU.ActiveCfg = Release|Any CPU
		{6F081E21-1DF3-4AD4-82D5-8919AB10EE38}.Release|Any CPU.Build.0 = Release|Any CPU
	EndGlobalSection
	GlobalSection(SolutionProperties) = preSolution
		HideSolutionNode = FALSE
	EndGlobalSection
	GlobalSection(ExtensibilityGlobals) = postSolution
		SolutionGuid = {F867C86C-C431-4CDF-8D2C-C4B490354FDD}
	EndGlobalSection
EndGlobal
